PODS:
  - CocoaLumberjack/Default (3.1.0)
  - CocoaLumberjack/Swift (3.1.0):
    - CocoaLumberjack/Default
  - FSCalendar (2.7.4)
  - Kingfisher (3.6.0)
  - Masonry (0.6.2)
  - MBProgressHUD (1.0.0)
  - MJDijkstra (1.0.0)
  - Mockingjay/Core (2.0.0):
    - URITemplate (~> 2.0)
  - Mockingjay/XCTest (2.0.0):
    - Mockingjay/Core
  - Nimble (6.1.0)
  - Quick (1.1.0)
  - RBStoryboardLink (0.1.0)
  - SimpleKeychain (0.7.0)
  - SnapKit (3.2.0)
  - SwiftyJSON (3.1.4)
  - URITemplate (2.0.0)

DEPENDENCIES:
  - CocoaLumberjack/Swift (~> 3.1)
  - FSCalendar (~> 2.7.4)
  - Kingfisher (~> 3.6)
  - Masonry
  - MBProgressHUD (~> 1.0)
  - MJDijkstra (~> 1.0.0)
  - Mockingjay/Core (~> 2.0)
  - Mockingjay/XCTest (~> 2.0)
  - Nimble (~> 6.1)
  - Quick (~> 1.1)
  - RBStoryboardLink (~> 0.1.0)
  - SimpleKeychain (~> 0.6)
  - SnapKit (~> 3.2)
  - SwiftyJSON (~> 3.1)

SPEC CHECKSUMS:
  CocoaLumberjack: 8311463ddf9ee86a06ef92a071dd656c89244500
  FSCalendar: e95995a746acae531c4a7dd636b8393233125ec5
  Kingfisher: 300035f9a40634dc9b452d946c9f22250688fecd
  Masonry: 362e8a1cc0beada4a4c4832d5e863da2a51533be
  MBProgressHUD: 4890f671c94e8a0f3cf959aa731e9de2f036d71a
  MJDijkstra: ecc733843aae475a22ddcf3ac236245a7000ffdd
  Mockingjay: 7122a3fc0597aa63438e4cd9b71b7bc8aac05b87
  Nimble: c53e6903fee94041b90ded74f135820437d8bf59
  Quick: dafc587e21eed9f4cab3249b9f9015b0b7a7f71d
  RBStoryboardLink: 438a56a29ef5a433d33d2f045533d6ca8d1f7755
  SimpleKeychain: b50cef3b87939d480ea1143425c00f5b4b70fe21
  SnapKit: 1ca44df72cfa543218d177cb8aab029d10d86ea7
  SwiftyJSON: c2842d878f95482ffceec5709abc3d05680c0220
  URITemplate: a5acb3f76c6a2338116fde88b658d83f91bbac45

PODFILE CHECKSUM: 6828750a86dd0c704c2b289c7c04da8f6c98698f

COCOAPODS: 1.2.0
